
Microsoft Visual Studio Solution File, Format Version 12.00
# Visual Studio Version 17
VisualStudioVersion = 17.8.34525.116
MinimumVisualStudioVersion = 10.0.40219.1
Project("{9A19103F-16F7-4668-BE54-9A1E7A4F7556}") = "CRUD_Veiculo.API", "CRUD_Veiculo.API\CRUD_Veiculo.API.csproj", "{FA75130D-9DFE-4F86-8251-DF2F9B23EDE7}"
EndProject
Project("{FAE04EC0-301F-11D3-BF4B-00C04F79EFBC}") = "CRUD_Veiculos.Web", "CRUD_Veiculos.Web\CRUD_Veiculos.Web.csproj", "{46B26882-A29D-4BCD-8FF8-CA9E702584CF}"
EndProject
Global
	GlobalSection(SolutionConfigurationPlatforms) = preSolution
		Debug|Any CPU = Debug|Any CPU
		Release|Any CPU = Release|Any CPU
	EndGlobalSection
	GlobalSection(ProjectConfigurationPlatforms) = postSolution
		{FA75130D-9DFE-4F86-8251-DF2F9B23EDE7}.Debug|Any CPU.ActiveCfg = Debug|Any CPU
		{FA75130D-9DFE-4F86-8251-DF2F9B23EDE7}.Debug|Any CPU.Build.0 = Debug|Any CPU
		{FA75130D-9DFE-4F86-8251-DF2F9B23EDE7}.Release|Any CPU.ActiveCfg = Release|Any CPU
		{FA75130D-9DFE-4F86-8251-DF2F9B23EDE7}.Release|Any CPU.Build.0 = Release|Any CPU
		{46B26882-A29D-4BCD-8FF8-CA9E702584CF}.Debug|Any CPU.ActiveCfg = Debug|Any CPU
		{46B26882-A29D-4BCD-8FF8-CA9E702584CF}.Debug|Any CPU.Build.0 = Debug|Any CPU
		{46B26882-A29D-4BCD-8FF8-CA9E702584CF}.Release|Any CPU.ActiveCfg = Release|Any CPU
		{46B26882-A29D-4BCD-8FF8-CA9E702584CF}.Release|Any CPU.Build.0 = Release|Any CPU
	EndGlobalSection
	GlobalSection(SolutionProperties) = preSolution
		HideSolutionNode = FALSE
	EndGlobalSection
	GlobalSection(ExtensibilityGlobals) = postSolution
		SolutionGuid = {6471627C-55EF-4BA7-BE86-8B26EE0FC77D}
	EndGlobalSection
EndGlobal
